
Microsoft Visual Studio Solution File, Format Version 12.00
# Visual Studio 15
VisualStudioVersion = 15.0.28307.572
MinimumVisualStudioVersion = 10.0.40219.1
Project("{FAE04EC0-301F-11D3-BF4B-00C04F79EFBC}") = "DFSConnectedComponents", "DFSConnectedComponents\DFSConnectedComponents.csproj", "{348CAEC8-AFA0-455A-9DF1-7951F9B4F742}"
EndProject
Global
	GlobalSection(SolutionConfigurationPlatforms) = preSolution
		Debug|Any CPU = Debug|Any CPU
		Release|Any CPU = Release|Any CPU
	EndGlobalSection
	GlobalSection(ProjectConfigurationPlatforms) = postSolution
		{348CAEC8-AFA0-455A-9DF1-7951F9B4F742}.Debug|Any CPU.ActiveCfg = Debug|Any CPU
		{348CAEC8-AFA0-455A-9DF1-7951F9B4F742}.Debug|Any CPU.Build.0 = Debug|Any CPU
		{348CAEC8-AFA0-455A-9DF1-7951F9B4F742}.Release|Any CPU.ActiveCfg = Release|Any CPU
		{348CAEC8-AFA0-455A-9DF1-7951F9B4F742}.Release|Any CPU.Build.0 = Release|Any CPU
	EndGlobalSection
	GlobalSection(SolutionProperties) = preSolution
		HideSolutionNode = FALSE
	EndGlobalSection
	GlobalSection(ExtensibilityGlobals) = postSolution
		SolutionGuid = {9694737D-57D9-4197-87E8-3EF908178491}
	EndGlobalSection
EndGlobal
